
Microsoft Visual Studio Solution File, Format Version 12.00
# Visual Studio 14
VisualStudioVersion = 14.0.25420.1
MinimumVisualStudioVersion = 10.0.40219.1
Project("{FAE04EC0-301F-11D3-BF4B-00C04F79EFBC}") = "AMLLC.CORE.BUSINESS", "AMLLC.CORE.BUSINESS\AMLLC.CORE.BUSINESS.csproj", "{F609F4BE-D993-4460-9ED5-B5070383DEC8}"
EndProject
Project("{FAE04EC0-301F-11D3-BF4B-00C04F79EFBC}") = "AMLLC.CORE.ENTITIES", "AMLLC.CORE.ENTITIES\AMLLC.CORE.ENTITIES.csproj", "{3CDB9906-F261-426A-B947-BF9DDB0F44F2}"
EndProject
Project("{FAE04EC0-301F-11D3-BF4B-00C04F79EFBC}") = "AMLLC.CORE.DATA", "AMLLC.CORE.DATA\AMLLC.CORE.DATA.csproj", "{31838DAE-D5BD-4B45-8937-18EAE9D0AE7F}"
EndProject
Project("{FAE04EC0-301F-11D3-BF4B-00C04F79EFBC}") = "AMLLC.CORE.SERVICES", "AMLLC.CORE.HOST\AMLLC.CORE.SERVICES.csproj", "{E91CE091-9D9E-4B1B-977E-55B8D984D598}"
EndProject
Project("{FAE04EC0-301F-11D3-BF4B-00C04F79EFBC}") = "AMLLC.CORE.SHARED", "AMLLC.CORE.SHARED\AMLLC.CORE.SHARED.csproj", "{819D23E2-A1A1-4078-9761-41FBC7818313}"
EndProject
Project("{FAE04EC0-301F-11D3-BF4B-00C04F79EFBC}") = "AMLLC.CORE.TEST", "AMLLC.CORE.TEST\AMLLC.CORE.TEST.csproj", "{B53A636E-AD48-4B96-B599-9C5A822BAA9A}"
EndProject
Global
	GlobalSection(SolutionConfigurationPlatforms) = preSolution
		Debug|Any CPU = Debug|Any CPU
		Release|Any CPU = Release|Any CPU
	EndGlobalSection
	GlobalSection(ProjectConfigurationPlatforms) = postSolution
		{F609F4BE-D993-4460-9ED5-B5070383DEC8}.Debug|Any CPU.ActiveCfg = Debug|Any CPU
		{F609F4BE-D993-4460-9ED5-B5070383DEC8}.Debug|Any CPU.Build.0 = Debug|Any CPU
		{F609F4BE-D993-4460-9ED5-B5070383DEC8}.Release|Any CPU.ActiveCfg = Release|Any CPU
		{F609F4BE-D993-4460-9ED5-B5070383DEC8}.Release|Any CPU.Build.0 = Release|Any CPU
		{3CDB9906-F261-426A-B947-BF9DDB0F44F2}.Debug|Any CPU.ActiveCfg = Debug|Any CPU
		{3CDB9906-F261-426A-B947-BF9DDB0F44F2}.Debug|Any CPU.Build.0 = Debug|Any CPU
		{3CDB9906-F261-426A-B947-BF9DDB0F44F2}.Release|Any CPU.ActiveCfg = Release|Any CPU
		{3CDB9906-F261-426A-B947-BF9DDB0F44F2}.Release|Any CPU.Build.0 = Release|Any CPU
		{31838DAE-D5BD-4B45-8937-18EAE9D0AE7F}.Debug|Any CPU.ActiveCfg = Debug|Any CPU
		{31838DAE-D5BD-4B45-8937-18EAE9D0AE7F}.Debug|Any CPU.Build.0 = Debug|Any CPU
		{31838DAE-D5BD-4B45-8937-18EAE9D0AE7F}.Release|Any CPU.ActiveCfg = Release|Any CPU
		{31838DAE-D5BD-4B45-8937-18EAE9D0AE7F}.Release|Any CPU.Build.0 = Release|Any CPU
		{E91CE091-9D9E-4B1B-977E-55B8D984D598}.Debug|Any CPU.ActiveCfg = Debug|Any CPU
		{E91CE091-9D9E-4B1B-977E-55B8D984D598}.Debug|Any CPU.Build.0 = Debug|Any CPU
		{E91CE091-9D9E-4B1B-977E-55B8D984D598}.Release|Any CPU.ActiveCfg = Release|Any CPU
		{E91CE091-9D9E-4B1B-977E-55B8D984D598}.Release|Any CPU.Build.0 = Release|Any CPU
		{819D23E2-A1A1-4078-9761-41FBC7818313}.Debug|Any CPU.ActiveCfg = Debug|Any CPU
		{819D23E2-A1A1-4078-9761-41FBC7818313}.Debug|Any CPU.Build.0 = Debug|Any CPU
		{819D23E2-A1A1-4078-9761-41FBC7818313}.Release|Any CPU.ActiveCfg = Release|Any CPU
		{819D23E2-A1A1-4078-9761-41FBC7818313}.Release|Any CPU.Build.0 = Release|Any CPU
		{B53A636E-AD48-4B96-B599-9C5A822BAA9A}.Debug|Any CPU.ActiveCfg = Debug|Any CPU
		{B53A636E-AD48-4B96-B599-9C5A822BAA9A}.Debug|Any CPU.Build.0 = Debug|Any CPU
		{B53A636E-AD48-4B96-B599-9C5A822BAA9A}.Release|Any CPU.ActiveCfg = Release|Any CPU
		{B53A636E-AD48-4B96-B599-9C5A822BAA9A}.Release|Any CPU.Build.0 = Release|Any CPU
	EndGlobalSection
	GlobalSection(SolutionProperties) = preSolution
		HideSolutionNode = FALSE
	EndGlobalSection
EndGlobal
